
Microsoft Visual Studio Solution File, Format Version 10.00
# Visual Studio 2008
Project("{FAE04EC0-301F-11D3-BF4B-00C04F79EFBC}") = "NFCNetCf35", "uNFC\NFCNetCf35.csproj", "{363B67CF-5362-442F-95A9-2E735B3E3F9B}"
EndProject
Global
	GlobalSection(SolutionConfigurationPlatforms) = preSolution
		Debug|Any CPU = Debug|Any CPU
		Release|Any CPU = Release|Any CPU
	EndGlobalSection
	GlobalSection(ProjectConfigurationPlatforms) = postSolution
		{363B67CF-5362-442F-95A9-2E735B3E3F9B}.Debug|Any CPU.ActiveCfg = Debug|Any CPU
		{363B67CF-5362-442F-95A9-2E735B3E3F9B}.Debug|Any CPU.Build.0 = Debug|Any CPU
		{363B67CF-5362-442F-95A9-2E735B3E3F9B}.Release|Any CPU.ActiveCfg = Release|Any CPU
		{363B67CF-5362-442F-95A9-2E735B3E3F9B}.Release|Any CPU.Build.0 = Release|Any CPU
	EndGlobalSection
	GlobalSection(SolutionProperties) = preSolution
		HideSolutionNode = FALSE
	EndGlobalSection
EndGlobal
